
Microsoft Visual Studio Solution File, Format Version 12.00
Project("{2150E333-8FDC-42A3-9474-1A3956D46DE8}") = "src", "src", "{C0596540-775B-472E-9645-E5769744CF62}"
EndProject
Project("{FAE04EC0-301F-11D3-BF4B-00C04F79EFBC}") = "PPOBot", "src\PPOBot\PPOBot.csproj", "{F4BCDD77-E852-45F3-B4C4-7CD13716358F}"
EndProject
Global
	GlobalSection(SolutionConfigurationPlatforms) = preSolution
		Debug|Any CPU = Debug|Any CPU
		Release|Any CPU = Release|Any CPU
	EndGlobalSection
	GlobalSection(ProjectConfigurationPlatforms) = postSolution
		{F4BCDD77-E852-45F3-B4C4-7CD13716358F}.Debug|Any CPU.ActiveCfg = Debug|Any CPU
		{F4BCDD77-E852-45F3-B4C4-7CD13716358F}.Debug|Any CPU.Build.0 = Debug|Any CPU
		{F4BCDD77-E852-45F3-B4C4-7CD13716358F}.Release|Any CPU.ActiveCfg = Release|Any CPU
		{F4BCDD77-E852-45F3-B4C4-7CD13716358F}.Release|Any CPU.Build.0 = Release|Any CPU
	EndGlobalSection
	GlobalSection(NestedProjects) = preSolution
		{F4BCDD77-E852-45F3-B4C4-7CD13716358F} = {C0596540-775B-472E-9645-E5769744CF62}
	EndGlobalSection
EndGlobal
